
Microsoft Visual Studio Solution File, Format Version 12.00
# Visual Studio Version 16
VisualStudioVersion = 16.0.29020.237
MinimumVisualStudioVersion = 10.0.40219.1
Project("{FAE04EC0-301F-11D3-BF4B-00C04F79EFBC}") = "TelegramJoinChannel.PL.Desktop", "TelegramJoinChannel.PL.Desktop\TelegramJoinChannel.PL.Desktop.csproj", "{12817D0E-8AAA-44C5-852B-09023A7EBF32}"
EndProject
Project("{FAE04EC0-301F-11D3-BF4B-00C04F79EFBC}") = "TelegramJoinChannel.DAL", "TelegramJoinChannel.DAL\TelegramJoinChannel.DAL.csproj", "{385162EE-4059-45AA-A20B-50FDAF9F8650}"
EndProject
Project("{FAE04EC0-301F-11D3-BF4B-00C04F79EFBC}") = "TelegramJoinChannel.BLL", "TelegramJoinChannel.BLL\TelegramJoinChannel.BLL.csproj", "{9F1D9E60-A55C-4EAC-8BAD-A09493FFCEC3}"
EndProject
Global
	GlobalSection(SolutionConfigurationPlatforms) = preSolution
		Debug|Any CPU = Debug|Any CPU
		Release|Any CPU = Release|Any CPU
	EndGlobalSection
	GlobalSection(ProjectConfigurationPlatforms) = postSolution
		{12817D0E-8AAA-44C5-852B-09023A7EBF32}.Debug|Any CPU.ActiveCfg = Debug|Any CPU
		{12817D0E-8AAA-44C5-852B-09023A7EBF32}.Debug|Any CPU.Build.0 = Debug|Any CPU
		{12817D0E-8AAA-44C5-852B-09023A7EBF32}.Release|Any CPU.ActiveCfg = Release|Any CPU
		{12817D0E-8AAA-44C5-852B-09023A7EBF32}.Release|Any CPU.Build.0 = Release|Any CPU
		{385162EE-4059-45AA-A20B-50FDAF9F8650}.Debug|Any CPU.ActiveCfg = Debug|Any CPU
		{385162EE-4059-45AA-A20B-50FDAF9F8650}.Debug|Any CPU.Build.0 = Debug|Any CPU
		{385162EE-4059-45AA-A20B-50FDAF9F8650}.Release|Any CPU.ActiveCfg = Release|Any CPU
		{385162EE-4059-45AA-A20B-50FDAF9F8650}.Release|Any CPU.Build.0 = Release|Any CPU
		{9F1D9E60-A55C-4EAC-8BAD-A09493FFCEC3}.Debug|Any CPU.ActiveCfg = Debug|Any CPU
		{9F1D9E60-A55C-4EAC-8BAD-A09493FFCEC3}.Debug|Any CPU.Build.0 = Debug|Any CPU
		{9F1D9E60-A55C-4EAC-8BAD-A09493FFCEC3}.Release|Any CPU.ActiveCfg = Release|Any CPU
		{9F1D9E60-A55C-4EAC-8BAD-A09493FFCEC3}.Release|Any CPU.Build.0 = Release|Any CPU
	EndGlobalSection
	GlobalSection(SolutionProperties) = preSolution
		HideSolutionNode = FALSE
	EndGlobalSection
	GlobalSection(ExtensibilityGlobals) = postSolution
		SolutionGuid = {98573173-5929-40A4-8A21-71C15D33316D}
	EndGlobalSection
EndGlobal
